{
  "pins" : [
    {
      "identity" : "cosmos",
      "kind" : "remoteSourceControl",
      "location" : "https://github.com/evgenyneu/Cosmos.git",
      "state" : {
        "branch" : "master",
        "revision" : "cce521e734d0090494bd4afab5fd2e2f2465c1af"
      }
    },
    {
      "identity" : "uitextview-placeholder",
      "kind" : "remoteSourceControl",
      "location" : "https://github.com/devxoul/UITextView-Placeholder",
      "state" : {
        "branch" : "master",
        "revision" : "5a133b7efc4e8dd9de91c9eada48270d90c83ef0"
      }
    }
  ],
  "version" : 2
}
